
Microsoft Visual Studio Solution File, Format Version 12.00
# Visual Studio Version 17
VisualStudioVersion = 17.13.35931.197
MinimumVisualStudioVersion = 10.0.40219.1
Project("{FAE04EC0-301F-11D3-BF4B-00C04F79EFBC}") = "SyntaxWinApp01", "SyntaxWinApp01\SyntaxWinApp01.csproj", "{10B0E595-A041-47FB-B453-8EDB3454A2D4}"
EndProject
Project("{FAE04EC0-301F-11D3-BF4B-00C04F79EFBC}") = "WinControlsApp", "WinControlsApp\WinControlsApp.csproj", "{878A8BE8-871F-4205-B77B-0F4FBEF154D4}"
EndProject
Project("{FAE04EC0-301F-11D3-BF4B-00C04F79EFBC}") = "MyWinFormsApp", "MyWinFormsApp\MyWinFormsApp.csproj", "{C4145F47-060E-476E-A11C-D938C171E5F0}"
EndProject
Global
	GlobalSection(SolutionConfigurationPlatforms) = preSolution
		Debug|Any CPU = Debug|Any CPU
		Release|Any CPU = Release|Any CPU
	EndGlobalSection
	GlobalSection(ProjectConfigurationPlatforms) = postSolution
		{10B0E595-A041-47FB-B453-8EDB3454A2D4}.Debug|Any CPU.ActiveCfg = Debug|Any CPU
		{10B0E595-A041-47FB-B453-8EDB3454A2D4}.Debug|Any CPU.Build.0 = Debug|Any CPU
		{10B0E595-A041-47FB-B453-8EDB3454A2D4}.Release|Any CPU.ActiveCfg = Release|Any CPU
		{10B0E595-A041-47FB-B453-8EDB3454A2D4}.Release|Any CPU.Build.0 = Release|Any CPU
		{878A8BE8-871F-4205-B77B-0F4FBEF154D4}.Debug|Any CPU.ActiveCfg = Debug|Any CPU
		{878A8BE8-871F-4205-B77B-0F4FBEF154D4}.Debug|Any CPU.Build.0 = Debug|Any CPU
		{878A8BE8-871F-4205-B77B-0F4FBEF154D4}.Release|Any CPU.ActiveCfg = Release|Any CPU
		{878A8BE8-871F-4205-B77B-0F4FBEF154D4}.Release|Any CPU.Build.0 = Release|Any CPU
		{C4145F47-060E-476E-A11C-D938C171E5F0}.Debug|Any CPU.ActiveCfg = Debug|Any CPU
		{C4145F47-060E-476E-A11C-D938C171E5F0}.Debug|Any CPU.Build.0 = Debug|Any CPU
		{C4145F47-060E-476E-A11C-D938C171E5F0}.Release|Any CPU.ActiveCfg = Release|Any CPU
		{C4145F47-060E-476E-A11C-D938C171E5F0}.Release|Any CPU.Build.0 = Release|Any CPU
	EndGlobalSection
	GlobalSection(SolutionProperties) = preSolution
		HideSolutionNode = FALSE
	EndGlobalSection
	GlobalSection(ExtensibilityGlobals) = postSolution
		SolutionGuid = {B50FEBCF-48AD-4AFF-9994-B69FD385C031}
	EndGlobalSection
EndGlobal
