
Microsoft Visual Studio Solution File, Format Version 12.00
# Visual Studio Version 17
VisualStudioVersion = 17.13.35931.197 d17.13
MinimumVisualStudioVersion = 10.0.40219.1
Project("{FAE04EC0-301F-11D3-BF4B-00C04F79EFBC}") = "WpfStudyApp01", "WpfStudyApp01\WpfStudyApp01.csproj", "{A6FDBBEF-963B-4F32-8BE5-4F41AB9043CC}"
EndProject
Project("{FAE04EC0-301F-11D3-BF4B-00C04F79EFBC}") = "WpfStudyApp02", "WpfStudyApp02\WpfStudyApp02.csproj", "{2A767B58-8690-41FD-B224-44C52C8F392F}"
EndProject
Project("{FAE04EC0-301F-11D3-BF4B-00C04F79EFBC}") = "WpfStudyApp03", "WpfStudyApp03\WpfStudyApp03.csproj", "{80E95BE8-7089-4BB0-B10C-B503A57AD1EE}"
EndProject
Project("{FAE04EC0-301F-11D3-BF4B-00C04F79EFBC}") = "WpfStudyApp04", "WpfStudyApp04\WpfStudyApp04.csproj", "{FE132DB6-ABA8-44A9-BBA1-00C19EDB57EC}"
EndProject
Global
	GlobalSection(SolutionConfigurationPlatforms) = preSolution
		Debug|Any CPU = Debug|Any CPU
		Release|Any CPU = Release|Any CPU
	EndGlobalSection
	GlobalSection(ProjectConfigurationPlatforms) = postSolution
		{A6FDBBEF-963B-4F32-8BE5-4F41AB9043CC}.Debug|Any CPU.ActiveCfg = Debug|Any CPU
		{A6FDBBEF-963B-4F32-8BE5-4F41AB9043CC}.Debug|Any CPU.Build.0 = Debug|Any CPU
		{A6FDBBEF-963B-4F32-8BE5-4F41AB9043CC}.Release|Any CPU.ActiveCfg = Release|Any CPU
		{A6FDBBEF-963B-4F32-8BE5-4F41AB9043CC}.Release|Any CPU.Build.0 = Release|Any CPU
		{2A767B58-8690-41FD-B224-44C52C8F392F}.Debug|Any CPU.ActiveCfg = Debug|Any CPU
		{2A767B58-8690-41FD-B224-44C52C8F392F}.Debug|Any CPU.Build.0 = Debug|Any CPU
		{2A767B58-8690-41FD-B224-44C52C8F392F}.Release|Any CPU.ActiveCfg = Release|Any CPU
		{2A767B58-8690-41FD-B224-44C52C8F392F}.Release|Any CPU.Build.0 = Release|Any CPU
		{80E95BE8-7089-4BB0-B10C-B503A57AD1EE}.Debug|Any CPU.ActiveCfg = Debug|Any CPU
		{80E95BE8-7089-4BB0-B10C-B503A57AD1EE}.Debug|Any CPU.Build.0 = Debug|Any CPU
		{80E95BE8-7089-4BB0-B10C-B503A57AD1EE}.Release|Any CPU.ActiveCfg = Release|Any CPU
		{80E95BE8-7089-4BB0-B10C-B503A57AD1EE}.Release|Any CPU.Build.0 = Release|Any CPU
		{FE132DB6-ABA8-44A9-BBA1-00C19EDB57EC}.Debug|Any CPU.ActiveCfg = Debug|Any CPU
		{FE132DB6-ABA8-44A9-BBA1-00C19EDB57EC}.Debug|Any CPU.Build.0 = Debug|Any CPU
		{FE132DB6-ABA8-44A9-BBA1-00C19EDB57EC}.Release|Any CPU.ActiveCfg = Release|Any CPU
		{FE132DB6-ABA8-44A9-BBA1-00C19EDB57EC}.Release|Any CPU.Build.0 = Release|Any CPU
	EndGlobalSection
	GlobalSection(SolutionProperties) = preSolution
		HideSolutionNode = FALSE
	EndGlobalSection
	GlobalSection(ExtensibilityGlobals) = postSolution
		SolutionGuid = {BB965418-B17D-4B6E-A973-229C1A4C263A}
	EndGlobalSection
EndGlobal
