
Microsoft Visual Studio Solution File, Format Version 12.00
# Visual Studio Version 17
VisualStudioVersion = 17.13.35931.197 d17.13
MinimumVisualStudioVersion = 10.0.40219.1
Project("{FAE04EC0-301F-11D3-BF4B-00C04F79EFBC}") = "SyntaxWinApp01", "SyntaxWinApp01\SyntaxWinApp01.csproj", "{0C138EA8-A157-4373-B288-0C310900AB01}"
EndProject
Project("{FAE04EC0-301F-11D3-BF4B-00C04F79EFBC}") = "SyntaxWinApp02", "SyntaxWinApp02\SyntaxWinApp02.csproj", "{872B20C3-5C11-4078-9229-AF4CFD55C755}"
EndProject
Project("{2150E333-8FDC-42A3-9474-1A3956D46DE8}") = "솔루션 항목", "솔루션 항목", "{2A3A057F-5D22-31FD-628C-DF5EF75AEF1E}"
	ProjectSection(SolutionItems) = preProject
		Computer.cs = Computer.cs
	EndProjectSection
EndProject
Global
	GlobalSection(SolutionConfigurationPlatforms) = preSolution
		Debug|Any CPU = Debug|Any CPU
		Release|Any CPU = Release|Any CPU
	EndGlobalSection
	GlobalSection(ProjectConfigurationPlatforms) = postSolution
		{0C138EA8-A157-4373-B288-0C310900AB01}.Debug|Any CPU.ActiveCfg = Debug|Any CPU
		{0C138EA8-A157-4373-B288-0C310900AB01}.Debug|Any CPU.Build.0 = Debug|Any CPU
		{0C138EA8-A157-4373-B288-0C310900AB01}.Release|Any CPU.ActiveCfg = Release|Any CPU
		{0C138EA8-A157-4373-B288-0C310900AB01}.Release|Any CPU.Build.0 = Release|Any CPU
		{872B20C3-5C11-4078-9229-AF4CFD55C755}.Debug|Any CPU.ActiveCfg = Debug|Any CPU
		{872B20C3-5C11-4078-9229-AF4CFD55C755}.Debug|Any CPU.Build.0 = Debug|Any CPU
		{872B20C3-5C11-4078-9229-AF4CFD55C755}.Release|Any CPU.ActiveCfg = Release|Any CPU
		{872B20C3-5C11-4078-9229-AF4CFD55C755}.Release|Any CPU.Build.0 = Release|Any CPU
	EndGlobalSection
	GlobalSection(SolutionProperties) = preSolution
		HideSolutionNode = FALSE
	EndGlobalSection
	GlobalSection(ExtensibilityGlobals) = postSolution
		SolutionGuid = {604CA53C-DD93-4DD8-99FB-1867C335B66C}
	EndGlobalSection
EndGlobal
