
Microsoft Visual Studio Solution File, Format Version 12.00
# Visual Studio Version 17
VisualStudioVersion = 17.13.35931.197
MinimumVisualStudioVersion = 10.0.40219.1
Project("{FAE04EC0-301F-11D3-BF4B-00C04F79EFBC}") = "ConsoleApp2", "ConsoleApp2\ConsoleApp2.csproj", "{2126993F-ABEE-413B-9DA1-9BD44B79A5A1}"
EndProject
Project("{FAE04EC0-301F-11D3-BF4B-00C04F79EFBC}") = "SyntaxWinApp01", "SyntaxWinApp01\SyntaxWinApp01.csproj", "{CEA75E26-CBEF-4C0A-B791-EAC558CCD07B}"
EndProject
Project("{FAE04EC0-301F-11D3-BF4B-00C04F79EFBC}") = "SyntaxWinApp02", "SyntaxWinApp02\SyntaxWinApp02.csproj", "{6B653C91-C3F0-412D-9A1F-29BF3CD6D76A}"
EndProject
Project("{FAE04EC0-301F-11D3-BF4B-00C04F79EFBC}") = "SyntaxWinApp03", "SyntaxWinApp03\SyntaxWinApp03.csproj", "{F4C8D914-B567-47DF-86CE-BFD1B3D2DE9D}"
EndProject
Project("{FAE04EC0-301F-11D3-BF4B-00C04F79EFBC}") = "SyntaxWinApp04", "SyntaxWinApp04\SyntaxWinApp04.csproj", "{4DCABAF1-27B7-460F-B4E5-1F7CDC6EFE6E}"
EndProject
Global
	GlobalSection(SolutionConfigurationPlatforms) = preSolution
		Debug|Any CPU = Debug|Any CPU
		Release|Any CPU = Release|Any CPU
	EndGlobalSection
	GlobalSection(ProjectConfigurationPlatforms) = postSolution
		{2126993F-ABEE-413B-9DA1-9BD44B79A5A1}.Debug|Any CPU.ActiveCfg = Debug|Any CPU
		{2126993F-ABEE-413B-9DA1-9BD44B79A5A1}.Debug|Any CPU.Build.0 = Debug|Any CPU
		{2126993F-ABEE-413B-9DA1-9BD44B79A5A1}.Release|Any CPU.ActiveCfg = Release|Any CPU
		{2126993F-ABEE-413B-9DA1-9BD44B79A5A1}.Release|Any CPU.Build.0 = Release|Any CPU
		{CEA75E26-CBEF-4C0A-B791-EAC558CCD07B}.Debug|Any CPU.ActiveCfg = Debug|Any CPU
		{CEA75E26-CBEF-4C0A-B791-EAC558CCD07B}.Debug|Any CPU.Build.0 = Debug|Any CPU
		{CEA75E26-CBEF-4C0A-B791-EAC558CCD07B}.Release|Any CPU.ActiveCfg = Release|Any CPU
		{CEA75E26-CBEF-4C0A-B791-EAC558CCD07B}.Release|Any CPU.Build.0 = Release|Any CPU
		{6B653C91-C3F0-412D-9A1F-29BF3CD6D76A}.Debug|Any CPU.ActiveCfg = Debug|Any CPU
		{6B653C91-C3F0-412D-9A1F-29BF3CD6D76A}.Debug|Any CPU.Build.0 = Debug|Any CPU
		{6B653C91-C3F0-412D-9A1F-29BF3CD6D76A}.Release|Any CPU.ActiveCfg = Release|Any CPU
		{6B653C91-C3F0-412D-9A1F-29BF3CD6D76A}.Release|Any CPU.Build.0 = Release|Any CPU
		{F4C8D914-B567-47DF-86CE-BFD1B3D2DE9D}.Debug|Any CPU.ActiveCfg = Debug|Any CPU
		{F4C8D914-B567-47DF-86CE-BFD1B3D2DE9D}.Debug|Any CPU.Build.0 = Debug|Any CPU
		{F4C8D914-B567-47DF-86CE-BFD1B3D2DE9D}.Release|Any CPU.ActiveCfg = Release|Any CPU
		{F4C8D914-B567-47DF-86CE-BFD1B3D2DE9D}.Release|Any CPU.Build.0 = Release|Any CPU
		{4DCABAF1-27B7-460F-B4E5-1F7CDC6EFE6E}.Debug|Any CPU.ActiveCfg = Debug|Any CPU
		{4DCABAF1-27B7-460F-B4E5-1F7CDC6EFE6E}.Debug|Any CPU.Build.0 = Debug|Any CPU
		{4DCABAF1-27B7-460F-B4E5-1F7CDC6EFE6E}.Release|Any CPU.ActiveCfg = Release|Any CPU
		{4DCABAF1-27B7-460F-B4E5-1F7CDC6EFE6E}.Release|Any CPU.Build.0 = Release|Any CPU
	EndGlobalSection
	GlobalSection(SolutionProperties) = preSolution
		HideSolutionNode = FALSE
	EndGlobalSection
	GlobalSection(ExtensibilityGlobals) = postSolution
		SolutionGuid = {CE57AC88-D2D1-4860-A378-C7944CD486D8}
	EndGlobalSection
EndGlobal
